
Microsoft Visual Studio Solution File, Format Version 12.00
# Visual Studio Version 17
VisualStudioVersion = 17.8.34330.188
MinimumVisualStudioVersion = 10.0.40219.1
Project("{FAE04EC0-301F-11D3-BF4B-00C04F79EFBC}") = "Webapi", "Webapi.csproj", "{6AE3780C-33B9-4BCC-AB9F-CCE9F571B1AE}"
EndProject
Global
	GlobalSection(SolutionConfigurationPlatforms) = preSolution
		Debug|Any CPU = Debug|Any CPU
		Release|Any CPU = Release|Any CPU
	EndGlobalSection
	GlobalSection(ProjectConfigurationPlatforms) = postSolution
		{6AE3780C-33B9-4BCC-AB9F-CCE9F571B1AE}.Debug|Any CPU.ActiveCfg = Debug|Any CPU
		{6AE3780C-33B9-4BCC-AB9F-CCE9F571B1AE}.Debug|Any CPU.Build.0 = Debug|Any CPU
		{6AE3780C-33B9-4BCC-AB9F-CCE9F571B1AE}.Release|Any CPU.ActiveCfg = Release|Any CPU
		{6AE3780C-33B9-4BCC-AB9F-CCE9F571B1AE}.Release|Any CPU.Build.0 = Release|Any CPU
	EndGlobalSection
	GlobalSection(SolutionProperties) = preSolution
		HideSolutionNode = FALSE
	EndGlobalSection
	GlobalSection(ExtensibilityGlobals) = postSolution
		SolutionGuid = {6DB9BDBB-C057-4CA4-AC32-4B6A88C6B397}
	EndGlobalSection
EndGlobal
